// !$*UTF8*$!
{
	archiveVersion = 1;
	classes = {
	};
	objectVersion = 46;
	objects = {

/* Begin PBXBuildFile section */
		3C8E9AD71DD0D03800A2781E /* AVFoundation.framework in Frameworks */ = {isa = PBXBuildFile; fileRef = 3C8E9AD61DD0D03800A2781E /* AVFoundation.framework */; };
		3C8E9AD91DD0D22500A2781E /* Reveal.framework in Frameworks */ = {isa = PBXBuildFile; fileRef = 3C8E9AD81DD0D22500A2781E /* Reveal.framework */; };
		3C8E9ADB1DD0D24A00A2781E /* libz.tbd in Frameworks */ = {isa = PBXBuildFile; fileRef = 3C8E9ADA1DD0D24A00A2781E /* libz.tbd */; };
		3C8E9AF11DD0D7CF00A2781E /* AppDelegate.m in Sources */ = {isa = PBXBuildFile; fileRef = 3C8E9ADE1DD0D7CF00A2781E /* AppDelegate.m */; };
		3C8E9AF21DD0D7CF00A2781E /* OCQT.xcdatamodeld in Sources */ = {isa = PBXBuildFile; fileRef = 3C8E9AE01DD0D7CF00A2781E /* OCQT.xcdatamodeld */; };
		3C8E9AF31DD0D7CF00A2781E /* ViewController.m in Sources */ = {isa = PBXBuildFile; fileRef = 3C8E9AE41DD0D7CF00A2781E /* ViewController.m */; };
		3C8E9B021DD0D90A00A2781E /* Assets.xcassets in Resources */ = {isa = PBXBuildFile; fileRef = 3C8E9AFA1DD0D90A00A2781E /* Assets.xcassets */; };
		3C8E9B031DD0D90A00A2781E /* LaunchScreen.storyboard in Resources */ = {isa = PBXBuildFile; fileRef = 3C8E9AFB1DD0D90A00A2781E /* LaunchScreen.storyboard */; };
		3C8E9B041DD0D90A00A2781E /* Main.storyboard in Resources */ = {isa = PBXBuildFile; fileRef = 3C8E9AFD1DD0D90A00A2781E /* Main.storyboard */; };
		3C8E9B061DD0D90A00A2781E /* main.m in Sources */ = {isa = PBXBuildFile; fileRef = 3C8E9B001DD0D90A00A2781E /* main.m */; };
		3C8E9B0A1DD0DAFE00A2781E /* KKBaseViewController.m in Sources */ = {isa = PBXBuildFile; fileRef = 3C8E9B091DD0DAFE00A2781E /* KKBaseViewController.m */; };
		3C8E9B0D1DD0DB5400A2781E /* KKBaseViewModel.m in Sources */ = {isa = PBXBuildFile; fileRef = 3C8E9B0C1DD0DB5400A2781E /* KKBaseViewModel.m */; };
		3C8E9B111DD0E34C00A2781E /* KKURLSessionManager.m in Sources */ = {isa = PBXBuildFile; fileRef = 3C8E9B101DD0E34C00A2781E /* KKURLSessionManager.m */; };
		3C8E9B181DD163ED00A2781E /* KKURLCodeModel.m in Sources */ = {isa = PBXBuildFile; fileRef = 3C8E9B171DD163ED00A2781E /* KKURLCodeModel.m */; };
		3C8E9B1E1DD1735A00A2781E /* KKSingle.m in Sources */ = {isa = PBXBuildFile; fileRef = 3C8E9B1C1DD1735A00A2781E /* KKSingle.m */; };
		3C8E9B221DD1761000A2781E /* KKURLSessionManager+Home.m in Sources */ = {isa = PBXBuildFile; fileRef = 3C8E9B211DD1761000A2781E /* KKURLSessionManager+Home.m */; };
		3C8E9B261DD19A1800A2781E /* WSRoute.m in Sources */ = {isa = PBXBuildFile; fileRef = 3C8E9B251DD19A1800A2781E /* WSRoute.m */; };
		3C8E9B291DD19B3000A2781E /* ViewModel.m in Sources */ = {isa = PBXBuildFile; fileRef = 3C8E9B281DD19B3000A2781E /* ViewModel.m */; };
		3C8E9B2C1DD19D3000A2781E /* ViewControllerView.m in Sources */ = {isa = PBXBuildFile; fileRef = 3C8E9B2B1DD19D3000A2781E /* ViewControllerView.m */; };
		3C8E9B2F1DD1ADBD00A2781E /* WSRootTabBarController.m in Sources */ = {isa = PBXBuildFile; fileRef = 3C8E9B2E1DD1ADBD00A2781E /* WSRootTabBarController.m */; };
		3C8E9B361DD1AE2900A2781E /* WSDLViewController.m in Sources */ = {isa = PBXBuildFile; fileRef = 3C8E9B351DD1AE2900A2781E /* WSDLViewController.m */; };
		3C8E9B391DD1AE3300A2781E /* WSFindViewController.m in Sources */ = {isa = PBXBuildFile; fileRef = 3C8E9B381DD1AE3300A2781E /* WSFindViewController.m */; };
		3C8E9B3C1DD1AE4000A2781E /* WSMineViewController.m in Sources */ = {isa = PBXBuildFile; fileRef = 3C8E9B3B1DD1AE4000A2781E /* WSMineViewController.m */; };
		CF5B6EF90AEDFBD245A9A3D2 /* libPods-OCQT.a in Frameworks */ = {isa = PBXBuildFile; fileRef = 6B1FA263FFDB6CB092E41D1F /* libPods-OCQT.a */; };
/* End PBXBuildFile section */

/* Begin PBXFileReference section */
		3C8E9AB81DD0CD4000A2781E /* OCQT.app */ = {isa = PBXFileReference; explicitFileType = wrapper.application; includeInIndex = 0; path = OCQT.app; sourceTree = BUILT_PRODUCTS_DIR; };
		3C8E9AD61DD0D03800A2781E /* AVFoundation.framework */ = {isa = PBXFileReference; lastKnownFileType = wrapper.framework; name = AVFoundation.framework; path = System/Library/Frameworks/AVFoundation.framework; sourceTree = SDKROOT; };
		3C8E9AD81DD0D22500A2781E /* Reveal.framework */ = {isa = PBXFileReference; lastKnownFileType = wrapper.framework; path = Reveal.framework; sourceTree = "<group>"; };
		3C8E9ADA1DD0D24A00A2781E /* libz.tbd */ = {isa = PBXFileReference; lastKnownFileType = "sourcecode.text-based-dylib-definition"; name = libz.tbd; path = usr/lib/libz.tbd; sourceTree = SDKROOT; };
		3C8E9ADD1DD0D7CF00A2781E /* AppDelegate.h */ = {isa = PBXFileReference; fileEncoding = 4; lastKnownFileType = sourcecode.c.h; path = AppDelegate.h; sourceTree = "<group>"; };
		3C8E9ADE1DD0D7CF00A2781E /* AppDelegate.m */ = {isa = PBXFileReference; fileEncoding = 4; lastKnownFileType = sourcecode.c.objc; path = AppDelegate.m; sourceTree = "<group>"; };
		3C8E9AE11DD0D7CF00A2781E /* OCQT.xcdatamodel */ = {isa = PBXFileReference; lastKnownFileType = wrapper.xcdatamodel; path = OCQT.xcdatamodel; sourceTree = "<group>"; };
		3C8E9AE31DD0D7CF00A2781E /* ViewController.h */ = {isa = PBXFileReference; fileEncoding = 4; lastKnownFileType = sourcecode.c.h; path = ViewController.h; sourceTree = "<group>"; };
		3C8E9AE41DD0D7CF00A2781E /* ViewController.m */ = {isa = PBXFileReference; fileEncoding = 4; lastKnownFileType = sourcecode.c.objc; path = ViewController.m; sourceTree = "<group>"; };
		3C8E9AFA1DD0D90A00A2781E /* Assets.xcassets */ = {isa = PBXFileReference; lastKnownFileType = folder.assetcatalog; path = Assets.xcassets; sourceTree = "<group>"; };
		3C8E9AFC1DD0D90A00A2781E /* Base */ = {isa = PBXFileReference; lastKnownFileType = file.storyboard; name = Base; path = Base.lproj/LaunchScreen.storyboard; sourceTree = "<group>"; };
		3C8E9AFE1DD0D90A00A2781E /* Base */ = {isa = PBXFileReference; lastKnownFileType = file.storyboard; name = Base; path = Base.lproj/Main.storyboard; sourceTree = "<group>"; };
		3C8E9AFF1DD0D90A00A2781E /* Info.plist */ = {isa = PBXFileReference; fileEncoding = 4; lastKnownFileType = text.plist.xml; path = Info.plist; sourceTree = "<group>"; };
		3C8E9B001DD0D90A00A2781E /* main.m */ = {isa = PBXFileReference; fileEncoding = 4; lastKnownFileType = sourcecode.c.objc; path = main.m; sourceTree = "<group>"; };
		3C8E9B011DD0D90A00A2781E /* OCQT-PrefixHeader.pch */ = {isa = PBXFileReference; fileEncoding = 4; lastKnownFileType = sourcecode.c.h; path = "OCQT-PrefixHeader.pch"; sourceTree = "<group>"; };
		3C8E9B081DD0DAFE00A2781E /* KKBaseViewController.h */ = {isa = PBXFileReference; fileEncoding = 4; lastKnownFileType = sourcecode.c.h; path = KKBaseViewController.h; sourceTree = "<group>"; };
		3C8E9B091DD0DAFE00A2781E /* KKBaseViewController.m */ = {isa = PBXFileReference; fileEncoding = 4; lastKnownFileType = sourcecode.c.objc; path = KKBaseViewController.m; sourceTree = "<group>"; };
		3C8E9B0B1DD0DB5400A2781E /* KKBaseViewModel.h */ = {isa = PBXFileReference; fileEncoding = 4; lastKnownFileType = sourcecode.c.h; path = KKBaseViewModel.h; sourceTree = "<group>"; };
		3C8E9B0C1DD0DB5400A2781E /* KKBaseViewModel.m */ = {isa = PBXFileReference; fileEncoding = 4; lastKnownFileType = sourcecode.c.objc; path = KKBaseViewModel.m; sourceTree = "<group>"; };
		3C8E9B0F1DD0E34C00A2781E /* KKURLSessionManager.h */ = {isa = PBXFileReference; fileEncoding = 4; lastKnownFileType = sourcecode.c.h; path = KKURLSessionManager.h; sourceTree = "<group>"; };
		3C8E9B101DD0E34C00A2781E /* KKURLSessionManager.m */ = {isa = PBXFileReference; fileEncoding = 4; lastKnownFileType = sourcecode.c.objc; path = KKURLSessionManager.m; sourceTree = "<group>"; };
		3C8E9B151DD162B400A2781E /* KKURLSessionDefs.h */ = {isa = PBXFileReference; fileEncoding = 4; lastKnownFileType = sourcecode.c.h; path = KKURLSessionDefs.h; sourceTree = "<group>"; };
		3C8E9B161DD163ED00A2781E /* KKURLCodeModel.h */ = {isa = PBXFileReference; fileEncoding = 4; lastKnownFileType = sourcecode.c.h; path = KKURLCodeModel.h; sourceTree = "<group>"; };
		3C8E9B171DD163ED00A2781E /* KKURLCodeModel.m */ = {isa = PBXFileReference; fileEncoding = 4; lastKnownFileType = sourcecode.c.objc; path = KKURLCodeModel.m; sourceTree = "<group>"; };
		3C8E9B1B1DD1735A00A2781E /* KKSingle.h */ = {isa = PBXFileReference; fileEncoding = 4; lastKnownFileType = sourcecode.c.h; path = KKSingle.h; sourceTree = "<group>"; };
		3C8E9B1C1DD1735A00A2781E /* KKSingle.m */ = {isa = PBXFileReference; fileEncoding = 4; lastKnownFileType = sourcecode.c.objc; path = KKSingle.m; sourceTree = "<group>"; };
		3C8E9B1D1DD1735A00A2781E /* KKSingleDefs.h */ = {isa = PBXFileReference; fileEncoding = 4; lastKnownFileType = sourcecode.c.h; path = KKSingleDefs.h; sourceTree = "<group>"; };
		3C8E9B201DD1761000A2781E /* KKURLSessionManager+Home.h */ = {isa = PBXFileReference; fileEncoding = 4; lastKnownFileType = sourcecode.c.h; path = "KKURLSessionManager+Home.h"; sourceTree = "<group>"; };
		3C8E9B211DD1761000A2781E /* KKURLSessionManager+Home.m */ = {isa = PBXFileReference; fileEncoding = 4; lastKnownFileType = sourcecode.c.objc; path = "KKURLSessionManager+Home.m"; sourceTree = "<group>"; };
		3C8E9B241DD19A1800A2781E /* WSRoute.h */ = {isa = PBXFileReference; fileEncoding = 4; lastKnownFileType = sourcecode.c.h; path = WSRoute.h; sourceTree = "<group>"; };
		3C8E9B251DD19A1800A2781E /* WSRoute.m */ = {isa = PBXFileReference; fileEncoding = 4; lastKnownFileType = sourcecode.c.objc; path = WSRoute.m; sourceTree = "<group>"; };
		3C8E9B271DD19B3000A2781E /* ViewModel.h */ = {isa = PBXFileReference; fileEncoding = 4; lastKnownFileType = sourcecode.c.h; path = ViewModel.h; sourceTree = "<group>"; };
		3C8E9B281DD19B3000A2781E /* ViewModel.m */ = {isa = PBXFileReference; fileEncoding = 4; lastKnownFileType = sourcecode.c.objc; path = ViewModel.m; sourceTree = "<group>"; };
		3C8E9B2A1DD19D3000A2781E /* ViewControllerView.h */ = {isa = PBXFileReference; fileEncoding = 4; lastKnownFileType = sourcecode.c.h; path = ViewControllerView.h; sourceTree = "<group>"; };
		3C8E9B2B1DD19D3000A2781E /* ViewControllerView.m */ = {isa = PBXFileReference; fileEncoding = 4; lastKnownFileType = sourcecode.c.objc; path = ViewControllerView.m; sourceTree = "<group>"; };
		3C8E9B2D1DD1ADBD00A2781E /* WSRootTabBarController.h */ = {isa = PBXFileReference; fileEncoding = 4; lastKnownFileType = sourcecode.c.h; name = WSRootTabBarController.h; path = RootTabBar/WSRootTabBarController.h; sourceTree = "<group>"; };
		3C8E9B2E1DD1ADBD00A2781E /* WSRootTabBarController.m */ = {isa = PBXFileReference; fileEncoding = 4; lastKnownFileType = sourcecode.c.objc; name = WSRootTabBarController.m; path = RootTabBar/WSRootTabBarController.m; sourceTree = "<group>"; };
		3C8E9B341DD1AE2900A2781E /* WSDLViewController.h */ = {isa = PBXFileReference; fileEncoding = 4; lastKnownFileType = sourcecode.c.h; path = WSDLViewController.h; sourceTree = "<group>"; };
		3C8E9B351DD1AE2900A2781E /* WSDLViewController.m */ = {isa = PBXFileReference; fileEncoding = 4; lastKnownFileType = sourcecode.c.objc; path = WSDLViewController.m; sourceTree = "<group>"; };
		3C8E9B371DD1AE3300A2781E /* WSFindViewController.h */ = {isa = PBXFileReference; fileEncoding = 4; lastKnownFileType = sourcecode.c.h; path = WSFindViewController.h; sourceTree = "<group>"; };
		3C8E9B381DD1AE3300A2781E /* WSFindViewController.m */ = {isa = PBXFileReference; fileEncoding = 4; lastKnownFileType = sourcecode.c.objc; path = WSFindViewController.m; sourceTree = "<group>"; };
		3C8E9B3A1DD1AE4000A2781E /* WSMineViewController.h */ = {isa = PBXFileReference; fileEncoding = 4; lastKnownFileType = sourcecode.c.h; path = WSMineViewController.h; sourceTree = "<group>"; };
		3C8E9B3B1DD1AE4000A2781E /* WSMineViewController.m */ = {isa = PBXFileReference; fileEncoding = 4; lastKnownFileType = sourcecode.c.objc; path = WSMineViewController.m; sourceTree = "<group>"; };
		42248193B3B1A58562910C75 /* Pods-OCQT.debug.xcconfig */ = {isa = PBXFileReference; includeInIndex = 1; lastKnownFileType = text.xcconfig; name = "Pods-OCQT.debug.xcconfig"; path = "Pods/Target Support Files/Pods-OCQT/Pods-OCQT.debug.xcconfig"; sourceTree = "<group>"; };
		6B1FA263FFDB6CB092E41D1F /* libPods-OCQT.a */ = {isa = PBXFileReference; explicitFileType = archive.ar; includeInIndex = 0; path = "libPods-OCQT.a"; sourceTree = BUILT_PRODUCTS_DIR; };
		DC93D0F2CFF949D784CDE634 /* Pods-OCQT.release.xcconfig */ = {isa = PBXFileReference; includeInIndex = 1; lastKnownFileType = text.xcconfig; name = "Pods-OCQT.release.xcconfig"; path = "Pods/Target Support Files/Pods-OCQT/Pods-OCQT.release.xcconfig"; sourceTree = "<group>"; };
/* End PBXFileReference section */

/* Begin PBXFrameworksBuildPhase section */
		3C8E9AB51DD0CD4000A2781E /* Frameworks */ = {
			isa = PBXFrameworksBuildPhase;
			buildActionMask = 2147483647;
			files = (
				3C8E9ADB1DD0D24A00A2781E /* libz.tbd in Frameworks */,
				3C8E9AD91DD0D22500A2781E /* Reveal.framework in Frameworks */,
				3C8E9AD71DD0D03800A2781E /* AVFoundation.framework in Frameworks */,
				CF5B6EF90AEDFBD245A9A3D2 /* libPods-OCQT.a in Frameworks */,
			);
			runOnlyForDeploymentPostprocessing = 0;
		};
/* End PBXFrameworksBuildPhase section */

/* Begin PBXGroup section */
		08B2FF2DE1C85F8B29F95CC8 /* Frameworks */ = {
			isa = PBXGroup;
			children = (
				3C8E9ADA1DD0D24A00A2781E /* libz.tbd */,
				3C8E9AD61DD0D03800A2781E /* AVFoundation.framework */,
				6B1FA263FFDB6CB092E41D1F /* libPods-OCQT.a */,
			);
			name = Frameworks;
			sourceTree = "<group>";
		};
		3C8E9AAF1DD0CD4000A2781E = {
			isa = PBXGroup;
			children = (
				3C8E9AD81DD0D22500A2781E /* Reveal.framework */,
				3C8E9ABA1DD0CD4000A2781E /* OCQT */,
				3C8E9AB91DD0CD4000A2781E /* Products */,
				4A13A9F009EDF165AF114F70 /* Pods */,
				08B2FF2DE1C85F8B29F95CC8 /* Frameworks */,
			);
			sourceTree = "<group>";
		};
		3C8E9AB91DD0CD4000A2781E /* Products */ = {
			isa = PBXGroup;
			children = (
				3C8E9AB81DD0CD4000A2781E /* OCQT.app */,
			);
			name = Products;
			sourceTree = "<group>";
		};
		3C8E9ABA1DD0CD4000A2781E /* OCQT */ = {
			isa = PBXGroup;
			children = (
				3C8E9B0E1DD0E33700A2781E /* APIManager */,
				3C8E9ADC1DD0D7CF00A2781E /* AppDelegate */,
				3C8E9AE61DD0D7CF00A2781E /* Route */,
				3C8E9AE21DD0D7CF00A2781E /* Function */,
				3C8E9ADF1DD0D7CF00A2781E /* CoreData */,
				3C8E9AE51DD0D7CF00A2781E /* Helpers */,
				3C8E9AF01DD0D7CF00A2781E /* Vendors */,
				3C8E9AF91DD0D90A00A2781E /* SupportingFiles */,
			);
			path = OCQT;
			sourceTree = "<group>";
		};
		3C8E9ADC1DD0D7CF00A2781E /* AppDelegate */ = {
			isa = PBXGroup;
			children = (
				3C8E9ADD1DD0D7CF00A2781E /* AppDelegate.h */,
				3C8E9ADE1DD0D7CF00A2781E /* AppDelegate.m */,
			);
			path = AppDelegate;
			sourceTree = "<group>";
		};
		3C8E9ADF1DD0D7CF00A2781E /* CoreData */ = {
			isa = PBXGroup;
			children = (
				3C8E9AE01DD0D7CF00A2781E /* OCQT.xcdatamodeld */,
			);
			path = CoreData;
			sourceTree = "<group>";
		};
		3C8E9AE21DD0D7CF00A2781E /* Function */ = {
			isa = PBXGroup;
			children = (
				3C8E9B071DD0DAD300A2781E /* KKBase */,
				3C8E9B301DD1ADC200A2781E /* RootTabBar */,
				3C8E9B311DD1AE0500A2781E /* DownLoad */,
				3C8E9B321DD1AE0500A2781E /* Find */,
				3C8E9B331DD1AE0500A2781E /* Mine */,
				3C8E9B231DD198EA00A2781E /* home */,
			);
			path = Function;
			sourceTree = "<group>";
		};
		3C8E9AE51DD0D7CF00A2781E /* Helpers */ = {
			isa = PBXGroup;
			children = (
			);
			path = Helpers;
			sourceTree = "<group>";
		};
		3C8E9AE61DD0D7CF00A2781E /* Route */ = {
			isa = PBXGroup;
			children = (
				3C8E9B241DD19A1800A2781E /* WSRoute.h */,
				3C8E9B251DD19A1800A2781E /* WSRoute.m */,
			);
			path = Route;
			sourceTree = "<group>";
		};
		3C8E9AF01DD0D7CF00A2781E /* Vendors */ = {
			isa = PBXGroup;
			children = (
			);
			path = Vendors;
			sourceTree = "<group>";
		};
		3C8E9AF91DD0D90A00A2781E /* SupportingFiles */ = {
			isa = PBXGroup;
			children = (
				3C8E9AFA1DD0D90A00A2781E /* Assets.xcassets */,
				3C8E9AFB1DD0D90A00A2781E /* LaunchScreen.storyboard */,
				3C8E9AFD1DD0D90A00A2781E /* Main.storyboard */,
				3C8E9AFF1DD0D90A00A2781E /* Info.plist */,
				3C8E9B001DD0D90A00A2781E /* main.m */,
				3C8E9B011DD0D90A00A2781E /* OCQT-PrefixHeader.pch */,
			);
			path = SupportingFiles;
			sourceTree = "<group>";
		};
		3C8E9B071DD0DAD300A2781E /* KKBase */ = {
			isa = PBXGroup;
			children = (
				3C8E9B1A1DD1735A00A2781E /* KKSingle */,
				3C8E9B081DD0DAFE00A2781E /* KKBaseViewController.h */,
				3C8E9B091DD0DAFE00A2781E /* KKBaseViewController.m */,
				3C8E9B0B1DD0DB5400A2781E /* KKBaseViewModel.h */,
				3C8E9B0C1DD0DB5400A2781E /* KKBaseViewModel.m */,
			);
			path = KKBase;
			sourceTree = "<group>";
		};
		3C8E9B0E1DD0E33700A2781E /* APIManager */ = {
			isa = PBXGroup;
			children = (
				3C8E9B1F1DD175ED00A2781E /* session */,
				3C8E9B201DD1761000A2781E /* KKURLSessionManager+Home.h */,
				3C8E9B211DD1761000A2781E /* KKURLSessionManager+Home.m */,
			);
			path = APIManager;
			sourceTree = "<group>";
		};
		3C8E9B1A1DD1735A00A2781E /* KKSingle */ = {
			isa = PBXGroup;
			children = (
				3C8E9B1B1DD1735A00A2781E /* KKSingle.h */,
				3C8E9B1C1DD1735A00A2781E /* KKSingle.m */,
				3C8E9B1D1DD1735A00A2781E /* KKSingleDefs.h */,
			);
			path = KKSingle;
			sourceTree = "<group>";
		};
		3C8E9B1F1DD175ED00A2781E /* session */ = {
			isa = PBXGroup;
			children = (
				3C8E9B0F1DD0E34C00A2781E /* KKURLSessionManager.h */,
				3C8E9B101DD0E34C00A2781E /* KKURLSessionManager.m */,
				3C8E9B151DD162B400A2781E /* KKURLSessionDefs.h */,
				3C8E9B161DD163ED00A2781E /* KKURLCodeModel.h */,
				3C8E9B171DD163ED00A2781E /* KKURLCodeModel.m */,
			);
			name = session;
			sourceTree = "<group>";
		};
		3C8E9B231DD198EA00A2781E /* home */ = {
			isa = PBXGroup;
			children = (
				3C8E9AE31DD0D7CF00A2781E /* ViewController.h */,
				3C8E9AE41DD0D7CF00A2781E /* ViewController.m */,
				3C8E9B2A1DD19D3000A2781E /* ViewControllerView.h */,
				3C8E9B2B1DD19D3000A2781E /* ViewControllerView.m */,
				3C8E9B271DD19B3000A2781E /* ViewModel.h */,
				3C8E9B281DD19B3000A2781E /* ViewModel.m */,
			);
			name = home;
			sourceTree = "<group>";
		};
		3C8E9B301DD1ADC200A2781E /* RootTabBar */ = {
			isa = PBXGroup;
			children = (
				3C8E9B2D1DD1ADBD00A2781E /* WSRootTabBarController.h */,
				3C8E9B2E1DD1ADBD00A2781E /* WSRootTabBarController.m */,
			);
			name = RootTabBar;
			sourceTree = "<group>";
		};
		3C8E9B311DD1AE0500A2781E /* DownLoad */ = {
			isa = PBXGroup;
			children = (
				3C8E9B341DD1AE2900A2781E /* WSDLViewController.h */,
				3C8E9B351DD1AE2900A2781E /* WSDLViewController.m */,
			);
			path = DownLoad;
			sourceTree = "<group>";
		};
		3C8E9B321DD1AE0500A2781E /* Find */ = {
			isa = PBXGroup;
			children = (
				3C8E9B371DD1AE3300A2781E /* WSFindViewController.h */,
				3C8E9B381DD1AE3300A2781E /* WSFindViewController.m */,
			);
			path = Find;
			sourceTree = "<group>";
		};
		3C8E9B331DD1AE0500A2781E /* Mine */ = {
			isa = PBXGroup;
			children = (
				3C8E9B3A1DD1AE4000A2781E /* WSMineViewController.h */,
				3C8E9B3B1DD1AE4000A2781E /* WSMineViewController.m */,
			);
			path = Mine;
			sourceTree = "<group>";
		};
		4A13A9F009EDF165AF114F70 /* Pods */ = {
			isa = PBXGroup;
			children = (
				42248193B3B1A58562910C75 /* Pods-OCQT.debug.xcconfig */,
				DC93D0F2CFF949D784CDE634 /* Pods-OCQT.release.xcconfig */,
			);
			name = Pods;
			sourceTree = "<group>";
		};
/* End PBXGroup section */

/* Begin PBXNativeTarget section */
		3C8E9AB71DD0CD4000A2781E /* OCQT */ = {
			isa = PBXNativeTarget;
			buildConfigurationList = 3C8E9AD21DD0CD4000A2781E /* Build configuration list for PBXNativeTarget "OCQT" */;
			buildPhases = (
				9768334F7E9FD635C8C513F5 /* [CP] Check Pods Manifest.lock */,
				3C8E9AB41DD0CD4000A2781E /* Sources */,
				3C8E9AB51DD0CD4000A2781E /* Frameworks */,
				3C8E9AB61DD0CD4000A2781E /* Resources */,
				EF636F5AF1DDAD5AD16101A8 /* [CP] Embed Pods Frameworks */,
				0EF27834DA4C0B3483B2CD29 /* [CP] Copy Pods Resources */,
			);
			buildRules = (
			);
			dependencies = (
			);
			name = OCQT;
			productName = OCQT;
			productReference = 3C8E9AB81DD0CD4000A2781E /* OCQT.app */;
			productType = "com.apple.product-type.application";
		};
/* End PBXNativeTarget section */

/* Begin PBXProject section */
		3C8E9AB01DD0CD4000A2781E /* Project object */ = {
			isa = PBXProject;
			attributes = {
				LastUpgradeCheck = 0720;
				ORGANIZATIONNAME = kk;
				TargetAttributes = {
					3C8E9AB71DD0CD4000A2781E = {
						CreatedOnToolsVersion = 7.2.1;
					};
				};
			};
			buildConfigurationList = 3C8E9AB31DD0CD4000A2781E /* Build configuration list for PBXProject "OCQT" */;
			compatibilityVersion = "Xcode 3.2";
			developmentRegion = English;
			hasScannedForEncodings = 0;
			knownRegions = (
				en,
				Base,
			);
			mainGroup = 3C8E9AAF1DD0CD4000A2781E;
			productRefGroup = 3C8E9AB91DD0CD4000A2781E /* Products */;
			projectDirPath = "";
			projectRoot = "";
			targets = (
				3C8E9AB71DD0CD4000A2781E /* OCQT */,
			);
		};
/* End PBXProject section */

/* Begin PBXResourcesBuildPhase section */
		3C8E9AB61DD0CD4000A2781E /* Resources */ = {
			isa = PBXResourcesBuildPhase;
			buildActionMask = 2147483647;
			files = (
				3C8E9B041DD0D90A00A2781E /* Main.storyboard in Resources */,
				3C8E9B021DD0D90A00A2781E /* Assets.xcassets in Resources */,
				3C8E9B031DD0D90A00A2781E /* LaunchScreen.storyboard in Resources */,
			);
			runOnlyForDeploymentPostprocessing = 0;
		};
/* End PBXResourcesBuildPhase section */

/* Begin PBXShellScriptBuildPhase section */
		0EF27834DA4C0B3483B2CD29 /* [CP] Copy Pods Resources */ = {
			isa = PBXShellScriptBuildPhase;
			buildActionMask = 2147483647;
			files = (
			);
			inputPaths = (
			);
			name = "[CP] Copy Pods Resources";
			outputPaths = (
			);
			runOnlyForDeploymentPostprocessing = 0;
			shellPath = /bin/sh;
			shellScript = "\"${SRCROOT}/Pods/Target Support Files/Pods-OCQT/Pods-OCQT-resources.sh\"\n";
			showEnvVarsInLog = 0;
		};
		9768334F7E9FD635C8C513F5 /* [CP] Check Pods Manifest.lock */ = {
			isa = PBXShellScriptBuildPhase;
			buildActionMask = 2147483647;
			files = (
			);
			inputPaths = (
			);
			name = "[CP] Check Pods Manifest.lock";
			outputPaths = (
			);
			runOnlyForDeploymentPostprocessing = 0;
			shellPath = /bin/sh;
			shellScript = "diff \"${PODS_ROOT}/../Podfile.lock\" \"${PODS_ROOT}/Manifest.lock\" > /dev/null\nif [[ $? != 0 ]] ; then\n    cat << EOM\nerror: The sandbox is not in sync with the Podfile.lock. Run 'pod install' or update your CocoaPods installation.\nEOM\n    exit 1\nfi\n";
			showEnvVarsInLog = 0;
		};
		EF636F5AF1DDAD5AD16101A8 /* [CP] Embed Pods Frameworks */ = {
			isa = PBXShellScriptBuildPhase;
			buildActionMask = 2147483647;
			files = (
			);
			inputPaths = (
			);
			name = "[CP] Embed Pods Frameworks";
			outputPaths = (
			);
			runOnlyForDeploymentPostprocessing = 0;
			shellPath = /bin/sh;
			shellScript = "\"${SRCROOT}/Pods/Target Support Files/Pods-OCQT/Pods-OCQT-frameworks.sh\"\n";
			showEnvVarsInLog = 0;
		};
/* End PBXShellScriptBuildPhase section */

/* Begin PBXSourcesBuildPhase section */
		3C8E9AB41DD0CD4000A2781E /* Sources */ = {
			isa = PBXSourcesBuildPhase;
			buildActionMask = 2147483647;
			files = (
				3C8E9AF31DD0D7CF00A2781E /* ViewController.m in Sources */,
				3C8E9B0A1DD0DAFE00A2781E /* KKBaseViewController.m in Sources */,
				3C8E9AF21DD0D7CF00A2781E /* OCQT.xcdatamodeld in Sources */,
				3C8E9B2C1DD19D3000A2781E /* ViewControllerView.m in Sources */,
				3C8E9B3C1DD1AE4000A2781E /* WSMineViewController.m in Sources */,
				3C8E9B181DD163ED00A2781E /* KKURLCodeModel.m in Sources */,
				3C8E9B261DD19A1800A2781E /* WSRoute.m in Sources */,
				3C8E9B111DD0E34C00A2781E /* KKURLSessionManager.m in Sources */,
				3C8E9B2F1DD1ADBD00A2781E /* WSRootTabBarController.m in Sources */,
				3C8E9B291DD19B3000A2781E /* ViewModel.m in Sources */,
				3C8E9B221DD1761000A2781E /* KKURLSessionManager+Home.m in Sources */,
				3C8E9B361DD1AE2900A2781E /* WSDLViewController.m in Sources */,
				3C8E9B391DD1AE3300A2781E /* WSFindViewController.m in Sources */,
				3C8E9B061DD0D90A00A2781E /* main.m in Sources */,
				3C8E9B1E1DD1735A00A2781E /* KKSingle.m in Sources */,
				3C8E9AF11DD0D7CF00A2781E /* AppDelegate.m in Sources */,
				3C8E9B0D1DD0DB5400A2781E /* KKBaseViewModel.m in Sources */,
			);
			runOnlyForDeploymentPostprocessing = 0;
		};
/* End PBXSourcesBuildPhase section */

/* Begin PBXVariantGroup section */
		3C8E9AFB1DD0D90A00A2781E /* LaunchScreen.storyboard */ = {
			isa = PBXVariantGroup;
			children = (
				3C8E9AFC1DD0D90A00A2781E /* Base */,
			);
			name = LaunchScreen.storyboard;
			sourceTree = "<group>";
		};
		3C8E9AFD1DD0D90A00A2781E /* Main.storyboard */ = {
			isa = PBXVariantGroup;
			children = (
				3C8E9AFE1DD0D90A00A2781E /* Base */,
			);
			name = Main.storyboard;
			sourceTree = "<group>";
		};
/* End PBXVariantGroup section */

/* Begin XCBuildConfiguration section */
		3C8E9AD01DD0CD4000A2781E /* Debug */ = {
			isa = XCBuildConfiguration;
			buildSettings = {
				ALWAYS_SEARCH_USER_PATHS = NO;
				CLANG_CXX_LANGUAGE_STANDARD = "gnu++0x";
				CLANG_CXX_LIBRARY = "libc++";
				CLANG_ENABLE_MODULES = YES;
				CLANG_ENABLE_OBJC_ARC = YES;
				CLANG_WARN_BOOL_CONVERSION = YES;
				CLANG_WARN_CONSTANT_CONVERSION = YES;
				CLANG_WARN_DIRECT_OBJC_ISA_USAGE = YES_ERROR;
				CLANG_WARN_EMPTY_BODY = YES;
				CLANG_WARN_ENUM_CONVERSION = YES;
				CLANG_WARN_INT_CONVERSION = YES;
				CLANG_WARN_OBJC_ROOT_CLASS = YES_ERROR;
				CLANG_WARN_UNREACHABLE_CODE = YES;
				CLANG_WARN__DUPLICATE_METHOD_MATCH = YES;
				"CODE_SIGN_IDENTITY[sdk=iphoneos*]" = "iPhone Developer";
				COPY_PHASE_STRIP = NO;
				DEBUG_INFORMATION_FORMAT = dwarf;
				ENABLE_STRICT_OBJC_MSGSEND = YES;
				ENABLE_TESTABILITY = YES;
				GCC_C_LANGUAGE_STANDARD = gnu99;
				GCC_DYNAMIC_NO_PIC = NO;
				GCC_NO_COMMON_BLOCKS = YES;
				GCC_OPTIMIZATION_LEVEL = 0;
				GCC_PREPROCESSOR_DEFINITIONS = (
					"DEBUG=1",
					"$(inherited)",
				);
				GCC_WARN_64_TO_32_BIT_CONVERSION = YES;
				GCC_WARN_ABOUT_RETURN_TYPE = YES_ERROR;
				GCC_WARN_UNDECLARED_SELECTOR = YES;
				GCC_WARN_UNINITIALIZED_AUTOS = YES_AGGRESSIVE;
				GCC_WARN_UNUSED_FUNCTION = YES;
				GCC_WARN_UNUSED_VARIABLE = YES;
				IPHONEOS_DEPLOYMENT_TARGET = 9.2;
				MTL_ENABLE_DEBUG_INFO = YES;
				ONLY_ACTIVE_ARCH = YES;
				SDKROOT = iphoneos;
			};
			name = Debug;
		};
		3C8E9AD11DD0CD4000A2781E /* Release */ = {
			isa = XCBuildConfiguration;
			buildSettings = {
				ALWAYS_SEARCH_USER_PATHS = NO;
				CLANG_CXX_LANGUAGE_STANDARD = "gnu++0x";
				CLANG_CXX_LIBRARY = "libc++";
				CLANG_ENABLE_MODULES = YES;
				CLANG_ENABLE_OBJC_ARC = YES;
				CLANG_WARN_BOOL_CONVERSION = YES;
				CLANG_WARN_CONSTANT_CONVERSION = YES;
				CLANG_WARN_DIRECT_OBJC_ISA_USAGE = YES_ERROR;
				CLANG_WARN_EMPTY_BODY = YES;
				CLANG_WARN_ENUM_CONVERSION = YES;
				CLANG_WARN_INT_CONVERSION = YES;
				CLANG_WARN_OBJC_ROOT_CLASS = YES_ERROR;
				CLANG_WARN_UNREACHABLE_CODE = YES;
				CLANG_WARN__DUPLICATE_METHOD_MATCH = YES;
				"CODE_SIGN_IDENTITY[sdk=iphoneos*]" = "iPhone Developer";
				COPY_PHASE_STRIP = NO;
				DEBUG_INFORMATION_FORMAT = "dwarf-with-dsym";
				ENABLE_NS_ASSERTIONS = NO;
				ENABLE_STRICT_OBJC_MSGSEND = YES;
				GCC_C_LANGUAGE_STANDARD = gnu99;
				GCC_NO_COMMON_BLOCKS = YES;
				GCC_WARN_64_TO_32_BIT_CONVERSION = YES;
				GCC_WARN_ABOUT_RETURN_TYPE = YES_ERROR;
				GCC_WARN_UNDECLARED_SELECTOR = YES;
				GCC_WARN_UNINITIALIZED_AUTOS = YES_AGGRESSIVE;
				GCC_WARN_UNUSED_FUNCTION = YES;
				GCC_WARN_UNUSED_VARIABLE = YES;
				IPHONEOS_DEPLOYMENT_TARGET = 9.2;
				MTL_ENABLE_DEBUG_INFO = NO;
				SDKROOT = iphoneos;
				VALIDATE_PRODUCT = YES;
			};
			name = Release;
		};
		3C8E9AD31DD0CD4000A2781E /* Debug */ = {
			isa = XCBuildConfiguration;
			baseConfigurationReference = 42248193B3B1A58562910C75 /* Pods-OCQT.debug.xcconfig */;
			buildSettings = {
				ASSETCATALOG_COMPILER_APPICON_NAME = AppIcon;
				FRAMEWORK_SEARCH_PATHS = (
					"$(inherited)",
					"$(PROJECT_DIR)",
				);
				GCC_PREFIX_HEADER = "$(PROJECT_DIR)/OCQT/SupportingFiles/OCQT-PrefixHeader.pch";
				INFOPLIST_FILE = "$(SRCROOT)/OCQT/SupportingFiles/Info.plist";
				LD_RUNPATH_SEARCH_PATHS = "$(inherited) @executable_path/Frameworks";
				OTHER_LDFLAGS = (
					"$(inherited)",
					"-ObjC",
					"-l\"AFNetworking\"",
					"-l\"KKBaseComponent\"",
					"-l\"KKBaseModel\"",
					"-l\"KKRequest\"",
					"-l\"MBProgressHUD\"",
					"-l\"MBProgressHUDKKHint\"",
					"-l\"MJExtension\"",
					"-l\"Masonry\"",
					"-l\"SDWebImage\"",
					"-framework",
					"\"CoreGraphics\"",
					"-framework",
					"\"Foundation\"",
					"-framework",
					"\"ImageIO\"",
					"-framework",
					"\"MobileCoreServices\"",
					"-framework",
					"\"Security\"",
					"-framework",
					"\"SystemConfiguration\"",
					"-framework",
					"\"UIKit\"",
					"-framework",
					Reveal,
				);
				PRODUCT_BUNDLE_IDENTIFIER = com.kk.OCQT;
				PRODUCT_NAME = "$(TARGET_NAME)";
			};
			name = Debug;
		};
		3C8E9AD41DD0CD4000A2781E /* Release */ = {
			isa = XCBuildConfiguration;
			baseConfigurationReference = DC93D0F2CFF949D784CDE634 /* Pods-OCQT.release.xcconfig */;
			buildSettings = {
				ASSETCATALOG_COMPILER_APPICON_NAME = AppIcon;
				FRAMEWORK_SEARCH_PATHS = (
					"$(inherited)",
					"$(PROJECT_DIR)",
				);
				GCC_PREFIX_HEADER = "$(PROJECT_DIR)/OCQT/SupportingFiles/OCQT-PrefixHeader.pch";
				INFOPLIST_FILE = "$(SRCROOT)/OCQT/SupportingFiles/Info.plist";
				LD_RUNPATH_SEARCH_PATHS = "$(inherited) @executable_path/Frameworks";
				OTHER_LDFLAGS = (
					"$(inherited)",
					"-ObjC",
					"-l\"AFNetworking\"",
					"-l\"KKBaseComponent\"",
					"-l\"KKBaseModel\"",
					"-l\"KKRequest\"",
					"-l\"MBProgressHUD\"",
					"-l\"MBProgressHUDKKHint\"",
					"-l\"MJExtension\"",
					"-l\"Masonry\"",
					"-l\"SDWebImage\"",
					"-framework",
					"\"CoreGraphics\"",
					"-framework",
					"\"Foundation\"",
					"-framework",
					"\"ImageIO\"",
					"-framework",
					"\"MobileCoreServices\"",
					"-framework",
					"\"Security\"",
					"-framework",
					"\"SystemConfiguration\"",
					"-framework",
					"\"UIKit\"",
					"-framework",
					Reveal,
				);
				PRODUCT_BUNDLE_IDENTIFIER = com.kk.OCQT;
				PRODUCT_NAME = "$(TARGET_NAME)";
			};
			name = Release;
		};
/* End XCBuildConfiguration section */

/* Begin XCConfigurationList section */
		3C8E9AB31DD0CD4000A2781E /* Build configuration list for PBXProject "OCQT" */ = {
			isa = XCConfigurationList;
			buildConfigurations = (
				3C8E9AD01DD0CD4000A2781E /* Debug */,
				3C8E9AD11DD0CD4000A2781E /* Release */,
			);
			defaultConfigurationIsVisible = 0;
			defaultConfigurationName = Release;
		};
		3C8E9AD21DD0CD4000A2781E /* Build configuration list for PBXNativeTarget "OCQT" */ = {
			isa = XCConfigurationList;
			buildConfigurations = (
				3C8E9AD31DD0CD4000A2781E /* Debug */,
				3C8E9AD41DD0CD4000A2781E /* Release */,
			);
			defaultConfigurationIsVisible = 0;
			defaultConfigurationName = Release;
		};
/* End XCConfigurationList section */

/* Begin XCVersionGroup section */
		3C8E9AE01DD0D7CF00A2781E /* OCQT.xcdatamodeld */ = {
			isa = XCVersionGroup;
			children = (
				3C8E9AE11DD0D7CF00A2781E /* OCQT.xcdatamodel */,
			);
			currentVersion = 3C8E9AE11DD0D7CF00A2781E /* OCQT.xcdatamodel */;
			path = OCQT.xcdatamodeld;
			sourceTree = "<group>";
			versionGroupType = wrapper.xcdatamodel;
		};
/* End XCVersionGroup section */
	};
	rootObject = 3C8E9AB01DD0CD4000A2781E /* Project object */;
}
